// !$*UTF8*$!
{
	archiveVersion = 1;
	classes = {
	};
	objectVersion = 56;
	objects = {

/* Begin PBXBuildFile section */
		CBADF3422B9C2B61003EF666 /* main.cpp in Sources */ = {isa = PBXBuildFile; fileRef = CBADF3412B9C2B61003EF666 /* main.cpp */; };
		CBADF3502B9C2C1E003EF666 /* geodb.cpp in Sources */ = {isa = PBXBuildFile; fileRef = CBADF34E2B9C2C1E003EF666 /* geodb.cpp */; };
		CBADF3532B9C2C53003EF666 /* router.cpp in Sources */ = {isa = PBXBuildFile; fileRef = CBADF3512B9C2C53003EF666 /* router.cpp */; };
		CBADF3562B9C2C73003EF666 /* tour_generator.cpp in Sources */ = {isa = PBXBuildFile; fileRef = CBADF3542B9C2C73003EF666 /* tour_generator.cpp */; };
/* End PBXBuildFile section */

/* Begin PBXCopyFilesBuildPhase section */
		CBADF33C2B9C2B61003EF666 /* CopyFiles */ = {
			isa = PBXCopyFilesBuildPhase;
			buildActionMask = 2147483647;
			dstPath = /usr/share/man/man1/;
			dstSubfolderSpec = 0;
			files = (
			);
			runOnlyForDeploymentPostprocessing = 1;
		};
/* End PBXCopyFilesBuildPhase section */

/* Begin PBXFileReference section */
		CBADF33E2B9C2B61003EF666 /* Project 4 */ = {isa = PBXFileReference; explicitFileType = "compiled.mach-o.executable"; includeInIndex = 0; path = "Project 4"; sourceTree = BUILT_PRODUCTS_DIR; };
		CBADF3412B9C2B61003EF666 /* main.cpp */ = {isa = PBXFileReference; lastKnownFileType = sourcecode.cpp.cpp; path = main.cpp; sourceTree = "<group>"; };
		CBADF3482B9C2B8D003EF666 /* HashMap.h */ = {isa = PBXFileReference; lastKnownFileType = sourcecode.c.h; path = HashMap.h; sourceTree = "<group>"; };
		CBADF3492B9C2BAD003EF666 /* base_classes.h */ = {isa = PBXFileReference; lastKnownFileType = sourcecode.c.h; path = base_classes.h; sourceTree = "<group>"; };
		CBADF34A2B9C2BC1003EF666 /* geotools.h */ = {isa = PBXFileReference; lastKnownFileType = sourcecode.c.h; path = geotools.h; sourceTree = "<group>"; };
		CBADF34B2B9C2BD3003EF666 /* geopoint.h */ = {isa = PBXFileReference; lastKnownFileType = sourcecode.c.h; path = geopoint.h; sourceTree = "<group>"; };
		CBADF34C2B9C2BF1003EF666 /* stops.h */ = {isa = PBXFileReference; lastKnownFileType = sourcecode.c.h; path = stops.h; sourceTree = "<group>"; };
		CBADF34D2B9C2C05003EF666 /* tourcmd.h */ = {isa = PBXFileReference; lastKnownFileType = sourcecode.c.h; path = tourcmd.h; sourceTree = "<group>"; };
		CBADF34E2B9C2C1E003EF666 /* geodb.cpp */ = {isa = PBXFileReference; lastKnownFileType = sourcecode.cpp.cpp; path = geodb.cpp; sourceTree = "<group>"; };
		CBADF34F2B9C2C1E003EF666 /* geodb.h */ = {isa = PBXFileReference; lastKnownFileType = sourcecode.c.h; path = geodb.h; sourceTree = "<group>"; };
		CBADF3512B9C2C53003EF666 /* router.cpp */ = {isa = PBXFileReference; lastKnownFileType = sourcecode.cpp.cpp; path = router.cpp; sourceTree = "<group>"; };
		CBADF3522B9C2C53003EF666 /* router.h */ = {isa = PBXFileReference; lastKnownFileType = sourcecode.c.h; path = router.h; sourceTree = "<group>"; };
		CBADF3542B9C2C73003EF666 /* tour_generator.cpp */ = {isa = PBXFileReference; lastKnownFileType = sourcecode.cpp.cpp; path = tour_generator.cpp; sourceTree = "<group>"; };
		CBADF3552B9C2C73003EF666 /* tour_generator.h */ = {isa = PBXFileReference; lastKnownFileType = sourcecode.c.h; path = tour_generator.h; sourceTree = "<group>"; };
		CBADF3572B9C2CA4003EF666 /* mapdata.txt */ = {isa = PBXFileReference; lastKnownFileType = text; path = mapdata.txt; sourceTree = "<group>"; };
		CBADF35A2BA14770003EF666 /* stops.txt */ = {isa = PBXFileReference; lastKnownFileType = text; path = stops.txt; sourceTree = "<group>"; };
/* End PBXFileReference section */

/* Begin PBXFrameworksBuildPhase section */
		CBADF33B2B9C2B61003EF666 /* Frameworks */ = {
			isa = PBXFrameworksBuildPhase;
			buildActionMask = 2147483647;
			files = (
			);
			runOnlyForDeploymentPostprocessing = 0;
		};
/* End PBXFrameworksBuildPhase section */

/* Begin PBXGroup section */
		CBADF3352B9C2B61003EF666 = {
			isa = PBXGroup;
			children = (
				CBADF3402B9C2B61003EF666 /* Project 4 */,
				CBADF33F2B9C2B61003EF666 /* Products */,
			);
			sourceTree = "<group>";
		};
		CBADF33F2B9C2B61003EF666 /* Products */ = {
			isa = PBXGroup;
			children = (
				CBADF33E2B9C2B61003EF666 /* Project 4 */,
			);
			name = Products;
			sourceTree = "<group>";
		};
		CBADF3402B9C2B61003EF666 /* Project 4 */ = {
			isa = PBXGroup;
			children = (
				CBADF3412B9C2B61003EF666 /* main.cpp */,
				CBADF3482B9C2B8D003EF666 /* HashMap.h */,
				CBADF34E2B9C2C1E003EF666 /* geodb.cpp */,
				CBADF34F2B9C2C1E003EF666 /* geodb.h */,
				CBADF3572B9C2CA4003EF666 /* mapdata.txt */,
				CBADF3512B9C2C53003EF666 /* router.cpp */,
				CBADF3522B9C2C53003EF666 /* router.h */,
				CBADF3542B9C2C73003EF666 /* tour_generator.cpp */,
				CBADF3552B9C2C73003EF666 /* tour_generator.h */,
				CBADF3492B9C2BAD003EF666 /* base_classes.h */,
				CBADF34A2B9C2BC1003EF666 /* geotools.h */,
				CBADF34B2B9C2BD3003EF666 /* geopoint.h */,
				CBADF34C2B9C2BF1003EF666 /* stops.h */,
				CBADF34D2B9C2C05003EF666 /* tourcmd.h */,
				CBADF35A2BA14770003EF666 /* stops.txt */,
			);
			path = "Project 4";
			sourceTree = "<group>";
		};
/* End PBXGroup section */

/* Begin PBXNativeTarget section */
		CBADF33D2B9C2B61003EF666 /* Project 4 */ = {
			isa = PBXNativeTarget;
			buildConfigurationList = CBADF3452B9C2B61003EF666 /* Build configuration list for PBXNativeTarget "Project 4" */;
			buildPhases = (
				CBADF33A2B9C2B61003EF666 /* Sources */,
				CBADF33B2B9C2B61003EF666 /* Frameworks */,
				CBADF33C2B9C2B61003EF666 /* CopyFiles */,
			);
			buildRules = (
			);
			dependencies = (
			);
			name = "Project 4";
			productName = "Project 4";
			productReference = CBADF33E2B9C2B61003EF666 /* Project 4 */;
			productType = "com.apple.product-type.tool";
		};
/* End PBXNativeTarget section */

/* Begin PBXProject section */
		CBADF3362B9C2B61003EF666 /* Project object */ = {
			isa = PBXProject;
			attributes = {
				BuildIndependentTargetsInParallel = 1;
				LastUpgradeCheck = 1520;
				TargetAttributes = {
					CBADF33D2B9C2B61003EF666 = {
						CreatedOnToolsVersion = 15.2;
					};
				};
			};
			buildConfigurationList = CBADF3392B9C2B61003EF666 /* Build configuration list for PBXProject "Project 4" */;
			compatibilityVersion = "Xcode 14.0";
			developmentRegion = en;
			hasScannedForEncodings = 0;
			knownRegions = (
				en,
				Base,
			);
			mainGroup = CBADF3352B9C2B61003EF666;
			productRefGroup = CBADF33F2B9C2B61003EF666 /* Products */;
			projectDirPath = "";
			projectRoot = "";
			targets = (
				CBADF33D2B9C2B61003EF666 /* Project 4 */,
			);
		};
/* End PBXProject section */

/* Begin PBXSourcesBuildPhase section */
		CBADF33A2B9C2B61003EF666 /* Sources */ = {
			isa = PBXSourcesBuildPhase;
			buildActionMask = 2147483647;
			files = (
				CBADF3422B9C2B61003EF666 /* main.cpp in Sources */,
				CBADF3532B9C2C53003EF666 /* router.cpp in Sources */,
				CBADF3502B9C2C1E003EF666 /* geodb.cpp in Sources */,
				CBADF3562B9C2C73003EF666 /* tour_generator.cpp in Sources */,
			);
			runOnlyForDeploymentPostprocessing = 0;
		};
/* End PBXSourcesBuildPhase section */

/* Begin XCBuildConfiguration section */
		CBADF3432B9C2B61003EF666 /* Debug */ = {
			isa = XCBuildConfiguration;
			buildSettings = {
				ALWAYS_SEARCH_USER_PATHS = NO;
				ASSETCATALOG_COMPILER_GENERATE_SWIFT_ASSET_SYMBOL_EXTENSIONS = YES;
				CLANG_ANALYZER_NONNULL = YES;
				CLANG_ANALYZER_NUMBER_OBJECT_CONVERSION = YES_AGGRESSIVE;
				CLANG_CXX_LANGUAGE_STANDARD = "gnu++20";
				CLANG_ENABLE_MODULES = YES;
				CLANG_ENABLE_OBJC_ARC = YES;
				CLANG_ENABLE_OBJC_WEAK = YES;
				CLANG_WARN_BLOCK_CAPTURE_AUTORELEASING = YES;
				CLANG_WARN_BOOL_CONVERSION = YES;
				CLANG_WARN_COMMA = YES;
				CLANG_WARN_CONSTANT_CONVERSION = YES;
				CLANG_WARN_DEPRECATED_OBJC_IMPLEMENTATIONS = YES;
				CLANG_WARN_DIRECT_OBJC_ISA_USAGE = YES_ERROR;
				CLANG_WARN_DOCUMENTATION_COMMENTS = YES;
				CLANG_WARN_EMPTY_BODY = YES;
				CLANG_WARN_ENUM_CONVERSION = YES;
				CLANG_WARN_INFINITE_RECURSION = YES;
				CLANG_WARN_INT_CONVERSION = YES;
				CLANG_WARN_NON_LITERAL_NULL_CONVERSION = YES;
				CLANG_WARN_OBJC_IMPLICIT_RETAIN_SELF = YES;
				CLANG_WARN_OBJC_LITERAL_CONVERSION = YES;
				CLANG_WARN_OBJC_ROOT_CLASS = YES_ERROR;
				CLANG_WARN_QUOTED_INCLUDE_IN_FRAMEWORK_HEADER = YES;
				CLANG_WARN_RANGE_LOOP_ANALYSIS = YES;
				CLANG_WARN_STRICT_PROTOTYPES = YES;
				CLANG_WARN_SUSPICIOUS_MOVE = YES;
				CLANG_WARN_UNGUARDED_AVAILABILITY = YES_AGGRESSIVE;
				CLANG_WARN_UNREACHABLE_CODE = YES;
				CLANG_WARN__DUPLICATE_METHOD_MATCH = YES;
				COPY_PHASE_STRIP = NO;
				DEBUG_INFORMATION_FORMAT = dwarf;
				ENABLE_STRICT_OBJC_MSGSEND = YES;
				ENABLE_TESTABILITY = YES;
				ENABLE_USER_SCRIPT_SANDBOXING = YES;
				GCC_C_LANGUAGE_STANDARD = gnu17;
				GCC_DYNAMIC_NO_PIC = NO;
				GCC_NO_COMMON_BLOCKS = YES;
				GCC_OPTIMIZATION_LEVEL = 0;
				GCC_PREPROCESSOR_DEFINITIONS = (
					"DEBUG=1",
					"$(inherited)",
				);
				GCC_WARN_64_TO_32_BIT_CONVERSION = YES;
				GCC_WARN_ABOUT_RETURN_TYPE = YES_ERROR;
				GCC_WARN_UNDECLARED_SELECTOR = YES;
				GCC_WARN_UNINITIALIZED_AUTOS = YES_AGGRESSIVE;
				GCC_WARN_UNUSED_FUNCTION = YES;
				GCC_WARN_UNUSED_VARIABLE = YES;
				LOCALIZATION_PREFERS_STRING_CATALOGS = YES;
				MACOSX_DEPLOYMENT_TARGET = 14.2;
				MTL_ENABLE_DEBUG_INFO = INCLUDE_SOURCE;
				MTL_FAST_MATH = YES;
				ONLY_ACTIVE_ARCH = YES;
				SDKROOT = macosx;
			};
			name = Debug;
		};
		CBADF3442B9C2B61003EF666 /* Release */ = {
			isa = XCBuildConfiguration;
			buildSettings = {
				ALWAYS_SEARCH_USER_PATHS = NO;
				ASSETCATALOG_COMPILER_GENERATE_SWIFT_ASSET_SYMBOL_EXTENSIONS = YES;
				CLANG_ANALYZER_NONNULL = YES;
				CLANG_ANALYZER_NUMBER_OBJECT_CONVERSION = YES_AGGRESSIVE;
				CLANG_CXX_LANGUAGE_STANDARD = "gnu++20";
				CLANG_ENABLE_MODULES = YES;
				CLANG_ENABLE_OBJC_ARC = YES;
				CLANG_ENABLE_OBJC_WEAK = YES;
				CLANG_WARN_BLOCK_CAPTURE_AUTORELEASING = YES;
				CLANG_WARN_BOOL_CONVERSION = YES;
				CLANG_WARN_COMMA = YES;
				CLANG_WARN_CONSTANT_CONVERSION = YES;
				CLANG_WARN_DEPRECATED_OBJC_IMPLEMENTATIONS = YES;
				CLANG_WARN_DIRECT_OBJC_ISA_USAGE = YES_ERROR;
				CLANG_WARN_DOCUMENTATION_COMMENTS = YES;
				CLANG_WARN_EMPTY_BODY = YES;
				CLANG_WARN_ENUM_CONVERSION = YES;
				CLANG_WARN_INFINITE_RECURSION = YES;
				CLANG_WARN_INT_CONVERSION = YES;
				CLANG_WARN_NON_LITERAL_NULL_CONVERSION = YES;
				CLANG_WARN_OBJC_IMPLICIT_RETAIN_SELF = YES;
				CLANG_WARN_OBJC_LITERAL_CONVERSION = YES;
				CLANG_WARN_OBJC_ROOT_CLASS = YES_ERROR;
				CLANG_WARN_QUOTED_INCLUDE_IN_FRAMEWORK_HEADER = YES;
				CLANG_WARN_RANGE_LOOP_ANALYSIS = YES;
				CLANG_WARN_STRICT_PROTOTYPES = YES;
				CLANG_WARN_SUSPICIOUS_MOVE = YES;
				CLANG_WARN_UNGUARDED_AVAILABILITY = YES_AGGRESSIVE;
				CLANG_WARN_UNREACHABLE_CODE = YES;
				CLANG_WARN__DUPLICATE_METHOD_MATCH = YES;
				COPY_PHASE_STRIP = NO;
				DEBUG_INFORMATION_FORMAT = "dwarf-with-dsym";
				ENABLE_NS_ASSERTIONS = NO;
				ENABLE_STRICT_OBJC_MSGSEND = YES;
				ENABLE_USER_SCRIPT_SANDBOXING = YES;
				GCC_C_LANGUAGE_STANDARD = gnu17;
				GCC_NO_COMMON_BLOCKS = YES;
				GCC_WARN_64_TO_32_BIT_CONVERSION = YES;
				GCC_WARN_ABOUT_RETURN_TYPE = YES_ERROR;
				GCC_WARN_UNDECLARED_SELECTOR = YES;
				GCC_WARN_UNINITIALIZED_AUTOS = YES_AGGRESSIVE;
				GCC_WARN_UNUSED_FUNCTION = YES;
				GCC_WARN_UNUSED_VARIABLE = YES;
				LOCALIZATION_PREFERS_STRING_CATALOGS = YES;
				MACOSX_DEPLOYMENT_TARGET = 14.2;
				MTL_ENABLE_DEBUG_INFO = NO;
				MTL_FAST_MATH = YES;
				SDKROOT = macosx;
			};
			name = Release;
		};
		CBADF3462B9C2B61003EF666 /* Debug */ = {
			isa = XCBuildConfiguration;
			buildSettings = {
				CODE_SIGN_STYLE = Automatic;
				PRODUCT_NAME = "$(TARGET_NAME)";
			};
			name = Debug;
		};
		CBADF3472B9C2B61003EF666 /* Release */ = {
			isa = XCBuildConfiguration;
			buildSettings = {
				CODE_SIGN_STYLE = Automatic;
				PRODUCT_NAME = "$(TARGET_NAME)";
			};
			name = Release;
		};
/* End XCBuildConfiguration section */

/* Begin XCConfigurationList section */
		CBADF3392B9C2B61003EF666 /* Build configuration list for PBXProject "Project 4" */ = {
			isa = XCConfigurationList;
			buildConfigurations = (
				CBADF3432B9C2B61003EF666 /* Debug */,
				CBADF3442B9C2B61003EF666 /* Release */,
			);
			defaultConfigurationIsVisible = 0;
			defaultConfigurationName = Release;
		};
		CBADF3452B9C2B61003EF666 /* Build configuration list for PBXNativeTarget "Project 4" */ = {
			isa = XCConfigurationList;
			buildConfigurations = (
				CBADF3462B9C2B61003EF666 /* Debug */,
				CBADF3472B9C2B61003EF666 /* Release */,
			);
			defaultConfigurationIsVisible = 0;
			defaultConfigurationName = Release;
		};
/* End XCConfigurationList section */
	};
	rootObject = CBADF3362B9C2B61003EF666 /* Project object */;
}
